// !$*UTF8*$!
{
	archiveVersion = 1;
	classes = {
	};
	objectVersion = 56;
	objects = {

/* Begin PBXBuildFile section */
		FA1CEF5D2A39E80C004A0E7D /* PokemonWater.swift in Sources */ = {isa = PBXBuildFile; fileRef = FA1CEF5C2A39E80C004A0E7D /* PokemonWater.swift */; };
		FA1CEF5F2A39E8F7004A0E7D /* PokemonFire.swift in Sources */ = {isa = PBXBuildFile; fileRef = FA1CEF5E2A39E8F7004A0E7D /* PokemonFire.swift */; };
		FA1CEF612A39E99D004A0E7D /* PokemonElectric.swift in Sources */ = {isa = PBXBuildFile; fileRef = FA1CEF602A39E99D004A0E7D /* PokemonElectric.swift */; };
		FA1CEF652A39EACD004A0E7D /* PokemonPoison.swift in Sources */ = {isa = PBXBuildFile; fileRef = FA1CEF642A39EACD004A0E7D /* PokemonPoison.swift */; };
		FA6A6E012A30AD8800468C50 /* ProjetoApp.swift in Sources */ = {isa = PBXBuildFile; fileRef = FA6A6E002A30AD8800468C50 /* ProjetoApp.swift */; };
		FA6A6E032A30AD8800468C50 /* ContentView.swift in Sources */ = {isa = PBXBuildFile; fileRef = FA6A6E022A30AD8800468C50 /* ContentView.swift */; };
		FA6A6E052A30AD8900468C50 /* Assets.xcassets in Resources */ = {isa = PBXBuildFile; fileRef = FA6A6E042A30AD8900468C50 /* Assets.xcassets */; };
		FA6A6E082A30AD8900468C50 /* Preview Assets.xcassets in Resources */ = {isa = PBXBuildFile; fileRef = FA6A6E072A30AD8900468C50 /* Preview Assets.xcassets */; };
		FA6A6E2B2A30CD2400468C50 /* PokemonViewModel.swift in Sources */ = {isa = PBXBuildFile; fileRef = FA6A6E2A2A30CD2400468C50 /* PokemonViewModel.swift */; };
		FA6A6E312A30D3EA00468C50 /* StatView.swift in Sources */ = {isa = PBXBuildFile; fileRef = FA6A6E302A30D3EA00468C50 /* StatView.swift */; };
		FA6A6E332A30D6FC00468C50 /* StatsViewGroup.swift in Sources */ = {isa = PBXBuildFile; fileRef = FA6A6E322A30D6FC00468C50 /* StatsViewGroup.swift */; };
		FA6A6E352A30D89A00468C50 /* PokemonDetailView.swift in Sources */ = {isa = PBXBuildFile; fileRef = FA6A6E342A30D89A00468C50 /* PokemonDetailView.swift */; };
		FA6A6E372A30DC3800468C50 /* PokemonImage.swift in Sources */ = {isa = PBXBuildFile; fileRef = FA6A6E362A30DC3800468C50 /* PokemonImage.swift */; };
		FA6FBBA02A4B32B700FC5064 /* Pokemon.swift in Sources */ = {isa = PBXBuildFile; fileRef = FA6FBB9F2A4B32B700FC5064 /* Pokemon.swift */; };
		FAF49F4A2A32444600F288DE /* SplashScreenView.swift in Sources */ = {isa = PBXBuildFile; fileRef = FAF49F492A32444600F288DE /* SplashScreenView.swift */; };
/* End PBXBuildFile section */

/* Begin PBXFileReference section */
		FA1CEF5C2A39E80C004A0E7D /* PokemonWater.swift */ = {isa = PBXFileReference; lastKnownFileType = sourcecode.swift; path = PokemonWater.swift; sourceTree = "<group>"; };
		FA1CEF5E2A39E8F7004A0E7D /* PokemonFire.swift */ = {isa = PBXFileReference; lastKnownFileType = sourcecode.swift; path = PokemonFire.swift; sourceTree = "<group>"; };
		FA1CEF602A39E99D004A0E7D /* PokemonElectric.swift */ = {isa = PBXFileReference; lastKnownFileType = sourcecode.swift; path = PokemonElectric.swift; sourceTree = "<group>"; };
		FA1CEF642A39EACD004A0E7D /* PokemonPoison.swift */ = {isa = PBXFileReference; lastKnownFileType = sourcecode.swift; path = PokemonPoison.swift; sourceTree = "<group>"; };
		FA6A6DFD2A30AD8800468C50 /* Projeto.app */ = {isa = PBXFileReference; explicitFileType = wrapper.application; includeInIndex = 0; path = Projeto.app; sourceTree = BUILT_PRODUCTS_DIR; };
		FA6A6E002A30AD8800468C50 /* ProjetoApp.swift */ = {isa = PBXFileReference; lastKnownFileType = sourcecode.swift; path = ProjetoApp.swift; sourceTree = "<group>"; };
		FA6A6E022A30AD8800468C50 /* ContentView.swift */ = {isa = PBXFileReference; lastKnownFileType = sourcecode.swift; path = ContentView.swift; sourceTree = "<group>"; };
		FA6A6E042A30AD8900468C50 /* Assets.xcassets */ = {isa = PBXFileReference; lastKnownFileType = folder.assetcatalog; path = Assets.xcassets; sourceTree = "<group>"; };
		FA6A6E072A30AD8900468C50 /* Preview Assets.xcassets */ = {isa = PBXFileReference; lastKnownFileType = folder.assetcatalog; path = "Preview Assets.xcassets"; sourceTree = "<group>"; };
		FA6A6E2A2A30CD2400468C50 /* PokemonViewModel.swift */ = {isa = PBXFileReference; lastKnownFileType = sourcecode.swift; path = PokemonViewModel.swift; sourceTree = "<group>"; };
		FA6A6E302A30D3EA00468C50 /* StatView.swift */ = {isa = PBXFileReference; lastKnownFileType = sourcecode.swift; path = StatView.swift; sourceTree = "<group>"; };
		FA6A6E322A30D6FC00468C50 /* StatsViewGroup.swift */ = {isa = PBXFileReference; lastKnownFileType = sourcecode.swift; path = StatsViewGroup.swift; sourceTree = "<group>"; };
		FA6A6E342A30D89A00468C50 /* PokemonDetailView.swift */ = {isa = PBXFileReference; lastKnownFileType = sourcecode.swift; path = PokemonDetailView.swift; sourceTree = "<group>"; };
		FA6A6E362A30DC3800468C50 /* PokemonImage.swift */ = {isa = PBXFileReference; lastKnownFileType = sourcecode.swift; path = PokemonImage.swift; sourceTree = "<group>"; };
		FA6FBB9F2A4B32B700FC5064 /* Pokemon.swift */ = {isa = PBXFileReference; lastKnownFileType = sourcecode.swift; path = Pokemon.swift; sourceTree = "<group>"; };
		FAF49F492A32444600F288DE /* SplashScreenView.swift */ = {isa = PBXFileReference; lastKnownFileType = sourcecode.swift; path = SplashScreenView.swift; sourceTree = "<group>"; };
/* End PBXFileReference section */

/* Begin PBXFrameworksBuildPhase section */
		FA6A6DFA2A30AD8800468C50 /* Frameworks */ = {
			isa = PBXFrameworksBuildPhase;
			buildActionMask = 2147483647;
			files = (
			);
			runOnlyForDeploymentPostprocessing = 0;
		};
/* End PBXFrameworksBuildPhase section */

/* Begin PBXGroup section */
		FA6A6DF42A30AD8800468C50 = {
			isa = PBXGroup;
			children = (
				FA6A6DFF2A30AD8800468C50 /* Projeto */,
				FA6A6DFE2A30AD8800468C50 /* Products */,
			);
			sourceTree = "<group>";
		};
		FA6A6DFE2A30AD8800468C50 /* Products */ = {
			isa = PBXGroup;
			children = (
				FA6A6DFD2A30AD8800468C50 /* Projeto.app */,
			);
			name = Products;
			sourceTree = "<group>";
		};
		FA6A6DFF2A30AD8800468C50 /* Projeto */ = {
			isa = PBXGroup;
			children = (
				FA6A6E002A30AD8800468C50 /* ProjetoApp.swift */,
				FA6FBB9E2A4B329E00FC5064 /* Model */,
				FAF49F482A3242B500F288DE /* ViewModel */,
				FAF49F472A32428A00F288DE /* Views */,
				FA6A6E042A30AD8900468C50 /* Assets.xcassets */,
				FA6A6E062A30AD8900468C50 /* Preview Content */,
			);
			path = Projeto;
			sourceTree = "<group>";
		};
		FA6A6E062A30AD8900468C50 /* Preview Content */ = {
			isa = PBXGroup;
			children = (
				FA6A6E072A30AD8900468C50 /* Preview Assets.xcassets */,
			);
			path = "Preview Content";
			sourceTree = "<group>";
		};
		FA6FBB9E2A4B329E00FC5064 /* Model */ = {
			isa = PBXGroup;
			children = (
				FA6FBB9F2A4B32B700FC5064 /* Pokemon.swift */,
			);
			path = Model;
			sourceTree = "<group>";
		};
		FAF49F472A32428A00F288DE /* Views */ = {
			isa = PBXGroup;
			children = (
				FA6A6E322A30D6FC00468C50 /* StatsViewGroup.swift */,
				FA6A6E342A30D89A00468C50 /* PokemonDetailView.swift */,
				FAF49F492A32444600F288DE /* SplashScreenView.swift */,
				FA6A6E362A30DC3800468C50 /* PokemonImage.swift */,
				FA6A6E302A30D3EA00468C50 /* StatView.swift */,
				FA1CEF602A39E99D004A0E7D /* PokemonElectric.swift */,
				FA1CEF5E2A39E8F7004A0E7D /* PokemonFire.swift */,
				FA1CEF642A39EACD004A0E7D /* PokemonPoison.swift */,
				FA1CEF5C2A39E80C004A0E7D /* PokemonWater.swift */,
				FA6A6E022A30AD8800468C50 /* ContentView.swift */,
			);
			path = Views;
			sourceTree = "<group>";
		};
		FAF49F482A3242B500F288DE /* ViewModel */ = {
			isa = PBXGroup;
			children = (
				FA6A6E2A2A30CD2400468C50 /* PokemonViewModel.swift */,
			);
			path = ViewModel;
			sourceTree = "<group>";
		};
/* End PBXGroup section */

/* Begin PBXNativeTarget section */
		FA6A6DFC2A30AD8800468C50 /* Projeto */ = {
			isa = PBXNativeTarget;
			buildConfigurationList = FA6A6E0B2A30AD8900468C50 /* Build configuration list for PBXNativeTarget "Projeto" */;
			buildPhases = (
				FA6A6DF92A30AD8800468C50 /* Sources */,
				FA6A6DFA2A30AD8800468C50 /* Frameworks */,
				FA6A6DFB2A30AD8800468C50 /* Resources */,
			);
			buildRules = (
			);
			dependencies = (
			);
			name = Projeto;
			productName = Projeto;
			productReference = FA6A6DFD2A30AD8800468C50 /* Projeto.app */;
			productType = "com.apple.product-type.application";
		};
/* End PBXNativeTarget section */

/* Begin PBXProject section */
		FA6A6DF52A30AD8800468C50 /* Project object */ = {
			isa = PBXProject;
			attributes = {
				BuildIndependentTargetsInParallel = 1;
				LastSwiftUpdateCheck = 1420;
				LastUpgradeCheck = 1420;
				TargetAttributes = {
					FA6A6DFC2A30AD8800468C50 = {
						CreatedOnToolsVersion = 14.2;
					};
				};
			};
			buildConfigurationList = FA6A6DF82A30AD8800468C50 /* Build configuration list for PBXProject "Projeto" */;
			compatibilityVersion = "Xcode 14.0";
			developmentRegion = en;
			hasScannedForEncodings = 0;
			knownRegions = (
				en,
				Base,
			);
			mainGroup = FA6A6DF42A30AD8800468C50;
			productRefGroup = FA6A6DFE2A30AD8800468C50 /* Products */;
			projectDirPath = "";
			projectRoot = "";
			targets = (
				FA6A6DFC2A30AD8800468C50 /* Projeto */,
			);
		};
/* End PBXProject section */

/* Begin PBXResourcesBuildPhase section */
		FA6A6DFB2A30AD8800468C50 /* Resources */ = {
			isa = PBXResourcesBuildPhase;
			buildActionMask = 2147483647;
			files = (
				FA6A6E082A30AD8900468C50 /* Preview Assets.xcassets in Resources */,
				FA6A6E052A30AD8900468C50 /* Assets.xcassets in Resources */,
			);
			runOnlyForDeploymentPostprocessing = 0;
		};
/* End PBXResourcesBuildPhase section */

/* Begin PBXSourcesBuildPhase section */
		FA6A6DF92A30AD8800468C50 /* Sources */ = {
			isa = PBXSourcesBuildPhase;
			buildActionMask = 2147483647;
			files = (
				FA6A6E312A30D3EA00468C50 /* StatView.swift in Sources */,
				FA1CEF612A39E99D004A0E7D /* PokemonElectric.swift in Sources */,
				FA6A6E032A30AD8800468C50 /* ContentView.swift in Sources */,
				FA6A6E2B2A30CD2400468C50 /* PokemonViewModel.swift in Sources */,
				FA1CEF5F2A39E8F7004A0E7D /* PokemonFire.swift in Sources */,
				FA1CEF5D2A39E80C004A0E7D /* PokemonWater.swift in Sources */,
				FA6A6E012A30AD8800468C50 /* ProjetoApp.swift in Sources */,
				FA6A6E332A30D6FC00468C50 /* StatsViewGroup.swift in Sources */,
				FA6A6E372A30DC3800468C50 /* PokemonImage.swift in Sources */,
				FA6FBBA02A4B32B700FC5064 /* Pokemon.swift in Sources */,
				FA6A6E352A30D89A00468C50 /* PokemonDetailView.swift in Sources */,
				FAF49F4A2A32444600F288DE /* SplashScreenView.swift in Sources */,
				FA1CEF652A39EACD004A0E7D /* PokemonPoison.swift in Sources */,
			);
			runOnlyForDeploymentPostprocessing = 0;
		};
/* End PBXSourcesBuildPhase section */

/* Begin XCBuildConfiguration section */
		FA6A6E092A30AD8900468C50 /* Debug */ = {
			isa = XCBuildConfiguration;
			buildSettings = {
				ALWAYS_SEARCH_USER_PATHS = NO;
				CLANG_ANALYZER_NONNULL = YES;
				CLANG_ANALYZER_NUMBER_OBJECT_CONVERSION = YES_AGGRESSIVE;
				CLANG_CXX_LANGUAGE_STANDARD = "gnu++20";
				CLANG_ENABLE_MODULES = YES;
				CLANG_ENABLE_OBJC_ARC = YES;
				CLANG_ENABLE_OBJC_WEAK = YES;
				CLANG_WARN_BLOCK_CAPTURE_AUTORELEASING = YES;
				CLANG_WARN_BOOL_CONVERSION = YES;
				CLANG_WARN_COMMA = YES;
				CLANG_WARN_CONSTANT_CONVERSION = YES;
				CLANG_WARN_DEPRECATED_OBJC_IMPLEMENTATIONS = YES;
				CLANG_WARN_DIRECT_OBJC_ISA_USAGE = YES_ERROR;
				CLANG_WARN_DOCUMENTATION_COMMENTS = YES;
				CLANG_WARN_EMPTY_BODY = YES;
				CLANG_WARN_ENUM_CONVERSION = YES;
				CLANG_WARN_INFINITE_RECURSION = YES;
				CLANG_WARN_INT_CONVERSION = YES;
				CLANG_WARN_NON_LITERAL_NULL_CONVERSION = YES;
				CLANG_WARN_OBJC_IMPLICIT_RETAIN_SELF = YES;
				CLANG_WARN_OBJC_LITERAL_CONVERSION = YES;
				CLANG_WARN_OBJC_ROOT_CLASS = YES_ERROR;
				CLANG_WARN_QUOTED_INCLUDE_IN_FRAMEWORK_HEADER = YES;
				CLANG_WARN_RANGE_LOOP_ANALYSIS = YES;
				CLANG_WARN_STRICT_PROTOTYPES = YES;
				CLANG_WARN_SUSPICIOUS_MOVE = YES;
				CLANG_WARN_UNGUARDED_AVAILABILITY = YES_AGGRESSIVE;
				CLANG_WARN_UNREACHABLE_CODE = YES;
				CLANG_WARN__DUPLICATE_METHOD_MATCH = YES;
				COPY_PHASE_STRIP = NO;
				DEBUG_INFORMATION_FORMAT = dwarf;
				ENABLE_STRICT_OBJC_MSGSEND = YES;
				ENABLE_TESTABILITY = YES;
				GCC_C_LANGUAGE_STANDARD = gnu11;
				GCC_DYNAMIC_NO_PIC = NO;
				GCC_NO_COMMON_BLOCKS = YES;
				GCC_OPTIMIZATION_LEVEL = 0;
				GCC_PREPROCESSOR_DEFINITIONS = (
					"DEBUG=1",
					"$(inherited)",
				);
				GCC_WARN_64_TO_32_BIT_CONVERSION = YES;
				GCC_WARN_ABOUT_RETURN_TYPE = YES_ERROR;
				GCC_WARN_UNDECLARED_SELECTOR = YES;
				GCC_WARN_UNINITIALIZED_AUTOS = YES_AGGRESSIVE;
				GCC_WARN_UNUSED_FUNCTION = YES;
				GCC_WARN_UNUSED_VARIABLE = YES;
				IPHONEOS_DEPLOYMENT_TARGET = 16.2;
				MTL_ENABLE_DEBUG_INFO = INCLUDE_SOURCE;
				MTL_FAST_MATH = YES;
				ONLY_ACTIVE_ARCH = YES;
				SDKROOT = iphoneos;
				SWIFT_ACTIVE_COMPILATION_CONDITIONS = DEBUG;
				SWIFT_OPTIMIZATION_LEVEL = "-Onone";
			};
			name = Debug;
		};
		FA6A6E0A2A30AD8900468C50 /* Release */ = {
			isa = XCBuildConfiguration;
			buildSettings = {
				ALWAYS_SEARCH_USER_PATHS = NO;
				CLANG_ANALYZER_NONNULL = YES;
				CLANG_ANALYZER_NUMBER_OBJECT_CONVERSION = YES_AGGRESSIVE;
				CLANG_CXX_LANGUAGE_STANDARD = "gnu++20";
				CLANG_ENABLE_MODULES = YES;
				CLANG_ENABLE_OBJC_ARC = YES;
				CLANG_ENABLE_OBJC_WEAK = YES;
				CLANG_WARN_BLOCK_CAPTURE_AUTORELEASING = YES;
				CLANG_WARN_BOOL_CONVERSION = YES;
				CLANG_WARN_COMMA = YES;
				CLANG_WARN_CONSTANT_CONVERSION = YES;
				CLANG_WARN_DEPRECATED_OBJC_IMPLEMENTATIONS = YES;
				CLANG_WARN_DIRECT_OBJC_ISA_USAGE = YES_ERROR;
				CLANG_WARN_DOCUMENTATION_COMMENTS = YES;
				CLANG_WARN_EMPTY_BODY = YES;
				CLANG_WARN_ENUM_CONVERSION = YES;
				CLANG_WARN_INFINITE_RECURSION = YES;
				CLANG_WARN_INT_CONVERSION = YES;
				CLANG_WARN_NON_LITERAL_NULL_CONVERSION = YES;
				CLANG_WARN_OBJC_IMPLICIT_RETAIN_SELF = YES;
				CLANG_WARN_OBJC_LITERAL_CONVERSION = YES;
				CLANG_WARN_OBJC_ROOT_CLASS = YES_ERROR;
				CLANG_WARN_QUOTED_INCLUDE_IN_FRAMEWORK_HEADER = YES;
				CLANG_WARN_RANGE_LOOP_ANALYSIS = YES;
				CLANG_WARN_STRICT_PROTOTYPES = YES;
				CLANG_WARN_SUSPICIOUS_MOVE = YES;
				CLANG_WARN_UNGUARDED_AVAILABILITY = YES_AGGRESSIVE;
				CLANG_WARN_UNREACHABLE_CODE = YES;
				CLANG_WARN__DUPLICATE_METHOD_MATCH = YES;
				COPY_PHASE_STRIP = NO;
				DEBUG_INFORMATION_FORMAT = "dwarf-with-dsym";
				ENABLE_NS_ASSERTIONS = NO;
				ENABLE_STRICT_OBJC_MSGSEND = YES;
				GCC_C_LANGUAGE_STANDARD = gnu11;
				GCC_NO_COMMON_BLOCKS = YES;
				GCC_WARN_64_TO_32_BIT_CONVERSION = YES;
				GCC_WARN_ABOUT_RETURN_TYPE = YES_ERROR;
				GCC_WARN_UNDECLARED_SELECTOR = YES;
				GCC_WARN_UNINITIALIZED_AUTOS = YES_AGGRESSIVE;
				GCC_WARN_UNUSED_FUNCTION = YES;
				GCC_WARN_UNUSED_VARIABLE = YES;
				IPHONEOS_DEPLOYMENT_TARGET = 16.2;
				MTL_ENABLE_DEBUG_INFO = NO;
				MTL_FAST_MATH = YES;
				SDKROOT = iphoneos;
				SWIFT_COMPILATION_MODE = wholemodule;
				SWIFT_OPTIMIZATION_LEVEL = "-O";
				VALIDATE_PRODUCT = YES;
			};
			name = Release;
		};
		FA6A6E0C2A30AD8900468C50 /* Debug */ = {
			isa = XCBuildConfiguration;
			buildSettings = {
				ASSETCATALOG_COMPILER_APPICON_NAME = AppIcon;
				ASSETCATALOG_COMPILER_GLOBAL_ACCENT_COLOR_NAME = AccentColor;
				CODE_SIGN_STYLE = Automatic;
				CURRENT_PROJECT_VERSION = 1;
				DEVELOPMENT_ASSET_PATHS = "\"Projeto/Preview Content\"";
				ENABLE_PREVIEWS = YES;
				GENERATE_INFOPLIST_FILE = YES;
				INFOPLIST_KEY_UIApplicationSceneManifest_Generation = YES;
				INFOPLIST_KEY_UIApplicationSupportsIndirectInputEvents = YES;
				INFOPLIST_KEY_UILaunchScreen_Generation = YES;
				INFOPLIST_KEY_UISupportedInterfaceOrientations_iPad = "UIInterfaceOrientationPortrait UIInterfaceOrientationPortraitUpsideDown UIInterfaceOrientationLandscapeLeft UIInterfaceOrientationLandscapeRight";
				INFOPLIST_KEY_UISupportedInterfaceOrientations_iPhone = "UIInterfaceOrientationPortrait UIInterfaceOrientationLandscapeLeft UIInterfaceOrientationLandscapeRight";
				LD_RUNPATH_SEARCH_PATHS = (
					"$(inherited)",
					"@executable_path/Frameworks",
				);
				MARKETING_VERSION = 1.0;
				PRODUCT_BUNDLE_IDENTIFIER = ProjetoSwift.Projeto;
				PRODUCT_NAME = "$(TARGET_NAME)";
				SWIFT_EMIT_LOC_STRINGS = YES;
				SWIFT_VERSION = 5.0;
				TARGETED_DEVICE_FAMILY = "1,2";
			};
			name = Debug;
		};
		FA6A6E0D2A30AD8900468C50 /* Release */ = {
			isa = XCBuildConfiguration;
			buildSettings = {
				ASSETCATALOG_COMPILER_APPICON_NAME = AppIcon;
				ASSETCATALOG_COMPILER_GLOBAL_ACCENT_COLOR_NAME = AccentColor;
				CODE_SIGN_STYLE = Automatic;
				CURRENT_PROJECT_VERSION = 1;
				DEVELOPMENT_ASSET_PATHS = "\"Projeto/Preview Content\"";
				ENABLE_PREVIEWS = YES;
				GENERATE_INFOPLIST_FILE = YES;
				INFOPLIST_KEY_UIApplicationSceneManifest_Generation = YES;
				INFOPLIST_KEY_UIApplicationSupportsIndirectInputEvents = YES;
				INFOPLIST_KEY_UILaunchScreen_Generation = YES;
				INFOPLIST_KEY_UISupportedInterfaceOrientations_iPad = "UIInterfaceOrientationPortrait UIInterfaceOrientationPortraitUpsideDown UIInterfaceOrientationLandscapeLeft UIInterfaceOrientationLandscapeRight";
				INFOPLIST_KEY_UISupportedInterfaceOrientations_iPhone = "UIInterfaceOrientationPortrait UIInterfaceOrientationLandscapeLeft UIInterfaceOrientationLandscapeRight";
				LD_RUNPATH_SEARCH_PATHS = (
					"$(inherited)",
					"@executable_path/Frameworks",
				);
				MARKETING_VERSION = 1.0;
				PRODUCT_BUNDLE_IDENTIFIER = ProjetoSwift.Projeto;
				PRODUCT_NAME = "$(TARGET_NAME)";
				SWIFT_EMIT_LOC_STRINGS = YES;
				SWIFT_VERSION = 5.0;
				TARGETED_DEVICE_FAMILY = "1,2";
			};
			name = Release;
		};
/* End XCBuildConfiguration section */

/* Begin XCConfigurationList section */
		FA6A6DF82A30AD8800468C50 /* Build configuration list for PBXProject "Projeto" */ = {
			isa = XCConfigurationList;
			buildConfigurations = (
				FA6A6E092A30AD8900468C50 /* Debug */,
				FA6A6E0A2A30AD8900468C50 /* Release */,
			);
			defaultConfigurationIsVisible = 0;
			defaultConfigurationName = Release;
		};
		FA6A6E0B2A30AD8900468C50 /* Build configuration list for PBXNativeTarget "Projeto" */ = {
			isa = XCConfigurationList;
			buildConfigurations = (
				FA6A6E0C2A30AD8900468C50 /* Debug */,
				FA6A6E0D2A30AD8900468C50 /* Release */,
			);
			defaultConfigurationIsVisible = 0;
			defaultConfigurationName = Release;
		};
/* End XCConfigurationList section */
	};
	rootObject = FA6A6DF52A30AD8800468C50 /* Project object */;
}
